// !$*UTF8*$!
{
	archiveVersion = 1;
	classes = {
	};
	objectVersion = 56;
	objects = {

/* Begin PBXBuildFile section */
		6A5D8C962964B1DA00BB4310 /* AppDelegate.swift in Sources */ = {isa = PBXBuildFile; fileRef = 6A5D8C952964B1DA00BB4310 /* AppDelegate.swift */; };
		6A5D8C982964B1DA00BB4310 /* SceneDelegate.swift in Sources */ = {isa = PBXBuildFile; fileRef = 6A5D8C972964B1DA00BB4310 /* SceneDelegate.swift */; };
		6A5D8C9A2964B1DA00BB4310 /* ViewController.swift in Sources */ = {isa = PBXBuildFile; fileRef = 6A5D8C992964B1DA00BB4310 /* ViewController.swift */; };
		6A5D8C9D2964B1DA00BB4310 /* Main.storyboard in Resources */ = {isa = PBXBuildFile; fileRef = 6A5D8C9B2964B1DA00BB4310 /* Main.storyboard */; };
		6A5D8C9F2964B1DB00BB4310 /* Assets.xcassets in Resources */ = {isa = PBXBuildFile; fileRef = 6A5D8C9E2964B1DB00BB4310 /* Assets.xcassets */; };
		6A5D8CA22964B1DB00BB4310 /* LaunchScreen.storyboard in Resources */ = {isa = PBXBuildFile; fileRef = 6A5D8CA02964B1DB00BB4310 /* LaunchScreen.storyboard */; };
		6A5D8CAD2964B20C00BB4310 /* StyledTextKit in Frameworks */ = {isa = PBXBuildFile; productRef = 6A5D8CAC2964B20C00BB4310 /* StyledTextKit */; };
		6A5D8CAF2964B30400BB4310 /* BudingAttributedStringViewController.swift in Sources */ = {isa = PBXBuildFile; fileRef = 6A5D8CAE2964B30400BB4310 /* BudingAttributedStringViewController.swift */; };
		6A5D8CB12964B31300BB4310 /* RenderingTextBitmapsViewController.swift in Sources */ = {isa = PBXBuildFile; fileRef = 6A5D8CB02964B31300BB4310 /* RenderingTextBitmapsViewController.swift */; };
		6A5D8CB32964B32200BB4310 /* BackgroundRenderingViewController.swift in Sources */ = {isa = PBXBuildFile; fileRef = 6A5D8CB22964B32200BB4310 /* BackgroundRenderingViewController.swift */; };
		6A5D8CB52964B32F00BB4310 /* FastScrollingTableViewController.swift in Sources */ = {isa = PBXBuildFile; fileRef = 6A5D8CB42964B32F00BB4310 /* FastScrollingTableViewController.swift */; };
/* End PBXBuildFile section */

/* Begin PBXFileReference section */
		6A5D8C922964B1DA00BB4310 /* Example.app */ = {isa = PBXFileReference; explicitFileType = wrapper.application; includeInIndex = 0; path = Example.app; sourceTree = BUILT_PRODUCTS_DIR; };
		6A5D8C952964B1DA00BB4310 /* AppDelegate.swift */ = {isa = PBXFileReference; lastKnownFileType = sourcecode.swift; path = AppDelegate.swift; sourceTree = "<group>"; };
		6A5D8C972964B1DA00BB4310 /* SceneDelegate.swift */ = {isa = PBXFileReference; lastKnownFileType = sourcecode.swift; path = SceneDelegate.swift; sourceTree = "<group>"; };
		6A5D8C992964B1DA00BB4310 /* ViewController.swift */ = {isa = PBXFileReference; lastKnownFileType = sourcecode.swift; path = ViewController.swift; sourceTree = "<group>"; };
		6A5D8C9C2964B1DA00BB4310 /* Base */ = {isa = PBXFileReference; lastKnownFileType = file.storyboard; name = Base; path = Base.lproj/Main.storyboard; sourceTree = "<group>"; };
		6A5D8C9E2964B1DB00BB4310 /* Assets.xcassets */ = {isa = PBXFileReference; lastKnownFileType = folder.assetcatalog; path = Assets.xcassets; sourceTree = "<group>"; };
		6A5D8CA12964B1DB00BB4310 /* Base */ = {isa = PBXFileReference; lastKnownFileType = file.storyboard; name = Base; path = Base.lproj/LaunchScreen.storyboard; sourceTree = "<group>"; };
		6A5D8CA32964B1DB00BB4310 /* Info.plist */ = {isa = PBXFileReference; lastKnownFileType = text.plist.xml; path = Info.plist; sourceTree = "<group>"; };
		6A5D8CAA2964B1FC00BB4310 /* StyledTextKit */ = {isa = PBXFileReference; lastKnownFileType = wrapper; name = StyledTextKit; path = ..; sourceTree = "<group>"; };
		6A5D8CAE2964B30400BB4310 /* BudingAttributedStringViewController.swift */ = {isa = PBXFileReference; lastKnownFileType = sourcecode.swift; path = BudingAttributedStringViewController.swift; sourceTree = "<group>"; };
		6A5D8CB02964B31300BB4310 /* RenderingTextBitmapsViewController.swift */ = {isa = PBXFileReference; lastKnownFileType = sourcecode.swift; path = RenderingTextBitmapsViewController.swift; sourceTree = "<group>"; };
		6A5D8CB22964B32200BB4310 /* BackgroundRenderingViewController.swift */ = {isa = PBXFileReference; lastKnownFileType = sourcecode.swift; path = BackgroundRenderingViewController.swift; sourceTree = "<group>"; };
		6A5D8CB42964B32F00BB4310 /* FastScrollingTableViewController.swift */ = {isa = PBXFileReference; lastKnownFileType = sourcecode.swift; path = FastScrollingTableViewController.swift; sourceTree = "<group>"; };
/* End PBXFileReference section */

/* Begin PBXFrameworksBuildPhase section */
		6A5D8C8F2964B1DA00BB4310 /* Frameworks */ = {
			isa = PBXFrameworksBuildPhase;
			buildActionMask = 2147483647;
			files = (
				6A5D8CAD2964B20C00BB4310 /* StyledTextKit in Frameworks */,
			);
			runOnlyForDeploymentPostprocessing = 0;
		};
/* End PBXFrameworksBuildPhase section */

/* Begin PBXGroup section */
		6A5D8C892964B1DA00BB4310 = {
			isa = PBXGroup;
			children = (
				6A5D8CA92964B1FC00BB4310 /* Packages */,
				6A5D8C942964B1DA00BB4310 /* Example */,
				6A5D8C932964B1DA00BB4310 /* Products */,
				6A5D8CAB2964B20C00BB4310 /* Frameworks */,
			);
			sourceTree = "<group>";
		};
		6A5D8C932964B1DA00BB4310 /* Products */ = {
			isa = PBXGroup;
			children = (
				6A5D8C922964B1DA00BB4310 /* Example.app */,
			);
			name = Products;
			sourceTree = "<group>";
		};
		6A5D8C942964B1DA00BB4310 /* Example */ = {
			isa = PBXGroup;
			children = (
				6A5D8C952964B1DA00BB4310 /* AppDelegate.swift */,
				6A5D8C972964B1DA00BB4310 /* SceneDelegate.swift */,
				6A5D8C992964B1DA00BB4310 /* ViewController.swift */,
				6A5D8C9B2964B1DA00BB4310 /* Main.storyboard */,
				6A5D8CAE2964B30400BB4310 /* BudingAttributedStringViewController.swift */,
				6A5D8CB02964B31300BB4310 /* RenderingTextBitmapsViewController.swift */,
				6A5D8CB22964B32200BB4310 /* BackgroundRenderingViewController.swift */,
				6A5D8CB42964B32F00BB4310 /* FastScrollingTableViewController.swift */,
				6A5D8C9E2964B1DB00BB4310 /* Assets.xcassets */,
				6A5D8CA02964B1DB00BB4310 /* LaunchScreen.storyboard */,
				6A5D8CA32964B1DB00BB4310 /* Info.plist */,
			);
			path = Example;
			sourceTree = "<group>";
		};
		6A5D8CA92964B1FC00BB4310 /* Packages */ = {
			isa = PBXGroup;
			children = (
				6A5D8CAA2964B1FC00BB4310 /* StyledTextKit */,
			);
			name = Packages;
			sourceTree = "<group>";
		};
		6A5D8CAB2964B20C00BB4310 /* Frameworks */ = {
			isa = PBXGroup;
			children = (
			);
			name = Frameworks;
			sourceTree = "<group>";
		};
/* End PBXGroup section */

/* Begin PBXNativeTarget section */
		6A5D8C912964B1DA00BB4310 /* Example */ = {
			isa = PBXNativeTarget;
			buildConfigurationList = 6A5D8CA62964B1DB00BB4310 /* Build configuration list for PBXNativeTarget "Example" */;
			buildPhases = (
				6A5D8C8E2964B1DA00BB4310 /* Sources */,
				6A5D8C8F2964B1DA00BB4310 /* Frameworks */,
				6A5D8C902964B1DA00BB4310 /* Resources */,
			);
			buildRules = (
			);
			dependencies = (
			);
			name = Example;
			packageProductDependencies = (
				6A5D8CAC2964B20C00BB4310 /* StyledTextKit */,
			);
			productName = Example;
			productReference = 6A5D8C922964B1DA00BB4310 /* Example.app */;
			productType = "com.apple.product-type.application";
		};
/* End PBXNativeTarget section */

/* Begin PBXProject section */
		6A5D8C8A2964B1DA00BB4310 /* Project object */ = {
			isa = PBXProject;
			attributes = {
				BuildIndependentTargetsInParallel = 1;
				LastSwiftUpdateCheck = 1420;
				LastUpgradeCheck = 1420;
				TargetAttributes = {
					6A5D8C912964B1DA00BB4310 = {
						CreatedOnToolsVersion = 14.2;
					};
				};
			};
			buildConfigurationList = 6A5D8C8D2964B1DA00BB4310 /* Build configuration list for PBXProject "Example" */;
			compatibilityVersion = "Xcode 14.0";
			developmentRegion = en;
			hasScannedForEncodings = 0;
			knownRegions = (
				en,
				Base,
			);
			mainGroup = 6A5D8C892964B1DA00BB4310;
			productRefGroup = 6A5D8C932964B1DA00BB4310 /* Products */;
			projectDirPath = "";
			projectRoot = "";
			targets = (
				6A5D8C912964B1DA00BB4310 /* Example */,
			);
		};
/* End PBXProject section */

/* Begin PBXResourcesBuildPhase section */
		6A5D8C902964B1DA00BB4310 /* Resources */ = {
			isa = PBXResourcesBuildPhase;
			buildActionMask = 2147483647;
			files = (
				6A5D8CA22964B1DB00BB4310 /* LaunchScreen.storyboard in Resources */,
				6A5D8C9F2964B1DB00BB4310 /* Assets.xcassets in Resources */,
				6A5D8C9D2964B1DA00BB4310 /* Main.storyboard in Resources */,
			);
			runOnlyForDeploymentPostprocessing = 0;
		};
/* End PBXResourcesBuildPhase section */

/* Begin PBXSourcesBuildPhase section */
		6A5D8C8E2964B1DA00BB4310 /* Sources */ = {
			isa = PBXSourcesBuildPhase;
			buildActionMask = 2147483647;
			files = (
				6A5D8CAF2964B30400BB4310 /* BudingAttributedStringViewController.swift in Sources */,
				6A5D8C9A2964B1DA00BB4310 /* ViewController.swift in Sources */,
				6A5D8CB12964B31300BB4310 /* RenderingTextBitmapsViewController.swift in Sources */,
				6A5D8CB32964B32200BB4310 /* BackgroundRenderingViewController.swift in Sources */,
				6A5D8C962964B1DA00BB4310 /* AppDelegate.swift in Sources */,
				6A5D8CB52964B32F00BB4310 /* FastScrollingTableViewController.swift in Sources */,
				6A5D8C982964B1DA00BB4310 /* SceneDelegate.swift in Sources */,
			);
			runOnlyForDeploymentPostprocessing = 0;
		};
/* End PBXSourcesBuildPhase section */

/* Begin PBXVariantGroup section */
		6A5D8C9B2964B1DA00BB4310 /* Main.storyboard */ = {
			isa = PBXVariantGroup;
			children = (
				6A5D8C9C2964B1DA00BB4310 /* Base */,
			);
			name = Main.storyboard;
			sourceTree = "<group>";
		};
		6A5D8CA02964B1DB00BB4310 /* LaunchScreen.storyboard */ = {
			isa = PBXVariantGroup;
			children = (
				6A5D8CA12964B1DB00BB4310 /* Base */,
			);
			name = LaunchScreen.storyboard;
			sourceTree = "<group>";
		};
/* End PBXVariantGroup section */

/* Begin XCBuildConfiguration section */
		6A5D8CA42964B1DB00BB4310 /* Debug */ = {
			isa = XCBuildConfiguration;
			buildSettings = {
				ALWAYS_SEARCH_USER_PATHS = NO;
				CLANG_ANALYZER_NONNULL = YES;
				CLANG_ANALYZER_NUMBER_OBJECT_CONVERSION = YES_AGGRESSIVE;
				CLANG_CXX_LANGUAGE_STANDARD = "gnu++20";
				CLANG_ENABLE_MODULES = YES;
				CLANG_ENABLE_OBJC_ARC = YES;
				CLANG_ENABLE_OBJC_WEAK = YES;
				CLANG_WARN_BLOCK_CAPTURE_AUTORELEASING = YES;
				CLANG_WARN_BOOL_CONVERSION = YES;
				CLANG_WARN_COMMA = YES;
				CLANG_WARN_CONSTANT_CONVERSION = YES;
				CLANG_WARN_DEPRECATED_OBJC_IMPLEMENTATIONS = YES;
				CLANG_WARN_DIRECT_OBJC_ISA_USAGE = YES_ERROR;
				CLANG_WARN_DOCUMENTATION_COMMENTS = YES;
				CLANG_WARN_EMPTY_BODY = YES;
				CLANG_WARN_ENUM_CONVERSION = YES;
				CLANG_WARN_INFINITE_RECURSION = YES;
				CLANG_WARN_INT_CONVERSION = YES;
				CLANG_WARN_NON_LITERAL_NULL_CONVERSION = YES;
				CLANG_WARN_OBJC_IMPLICIT_RETAIN_SELF = YES;
				CLANG_WARN_OBJC_LITERAL_CONVERSION = YES;
				CLANG_WARN_OBJC_ROOT_CLASS = YES_ERROR;
				CLANG_WARN_QUOTED_INCLUDE_IN_FRAMEWORK_HEADER = YES;
				CLANG_WARN_RANGE_LOOP_ANALYSIS = YES;
				CLANG_WARN_STRICT_PROTOTYPES = YES;
				CLANG_WARN_SUSPICIOUS_MOVE = YES;
				CLANG_WARN_UNGUARDED_AVAILABILITY = YES_AGGRESSIVE;
				CLANG_WARN_UNREACHABLE_CODE = YES;
				CLANG_WARN__DUPLICATE_METHOD_MATCH = YES;
				COPY_PHASE_STRIP = NO;
				DEBUG_INFORMATION_FORMAT = dwarf;
				ENABLE_STRICT_OBJC_MSGSEND = YES;
				ENABLE_TESTABILITY = YES;
				GCC_C_LANGUAGE_STANDARD = gnu11;
				GCC_DYNAMIC_NO_PIC = NO;
				GCC_NO_COMMON_BLOCKS = YES;
				GCC_OPTIMIZATION_LEVEL = 0;
				GCC_PREPROCESSOR_DEFINITIONS = (
					"DEBUG=1",
					"$(inherited)",
				);
				GCC_WARN_64_TO_32_BIT_CONVERSION = YES;
				GCC_WARN_ABOUT_RETURN_TYPE = YES_ERROR;
				GCC_WARN_UNDECLARED_SELECTOR = YES;
				GCC_WARN_UNINITIALIZED_AUTOS = YES_AGGRESSIVE;
				GCC_WARN_UNUSED_FUNCTION = YES;
				GCC_WARN_UNUSED_VARIABLE = YES;
				IPHONEOS_DEPLOYMENT_TARGET = 16.0;
				MTL_ENABLE_DEBUG_INFO = INCLUDE_SOURCE;
				MTL_FAST_MATH = YES;
				ONLY_ACTIVE_ARCH = YES;
				SDKROOT = iphoneos;
				SWIFT_ACTIVE_COMPILATION_CONDITIONS = DEBUG;
				SWIFT_OPTIMIZATION_LEVEL = "-Onone";
			};
			name = Debug;
		};
		6A5D8CA52964B1DB00BB4310 /* Release */ = {
			isa = XCBuildConfiguration;
			buildSettings = {
				ALWAYS_SEARCH_USER_PATHS = NO;
				CLANG_ANALYZER_NONNULL = YES;
				CLANG_ANALYZER_NUMBER_OBJECT_CONVERSION = YES_AGGRESSIVE;
				CLANG_CXX_LANGUAGE_STANDARD = "gnu++20";
				CLANG_ENABLE_MODULES = YES;
				CLANG_ENABLE_OBJC_ARC = YES;
				CLANG_ENABLE_OBJC_WEAK = YES;
				CLANG_WARN_BLOCK_CAPTURE_AUTORELEASING = YES;
				CLANG_WARN_BOOL_CONVERSION = YES;
				CLANG_WARN_COMMA = YES;
				CLANG_WARN_CONSTANT_CONVERSION = YES;
				CLANG_WARN_DEPRECATED_OBJC_IMPLEMENTATIONS = YES;
				CLANG_WARN_DIRECT_OBJC_ISA_USAGE = YES_ERROR;
				CLANG_WARN_DOCUMENTATION_COMMENTS = YES;
				CLANG_WARN_EMPTY_BODY = YES;
				CLANG_WARN_ENUM_CONVERSION = YES;
				CLANG_WARN_INFINITE_RECURSION = YES;
				CLANG_WARN_INT_CONVERSION = YES;
				CLANG_WARN_NON_LITERAL_NULL_CONVERSION = YES;
				CLANG_WARN_OBJC_IMPLICIT_RETAIN_SELF = YES;
				CLANG_WARN_OBJC_LITERAL_CONVERSION = YES;
				CLANG_WARN_OBJC_ROOT_CLASS = YES_ERROR;
				CLANG_WARN_QUOTED_INCLUDE_IN_FRAMEWORK_HEADER = YES;
				CLANG_WARN_RANGE_LOOP_ANALYSIS = YES;
				CLANG_WARN_STRICT_PROTOTYPES = YES;
				CLANG_WARN_SUSPICIOUS_MOVE = YES;
				CLANG_WARN_UNGUARDED_AVAILABILITY = YES_AGGRESSIVE;
				CLANG_WARN_UNREACHABLE_CODE = YES;
				CLANG_WARN__DUPLICATE_METHOD_MATCH = YES;
				COPY_PHASE_STRIP = NO;
				DEBUG_INFORMATION_FORMAT = "dwarf-with-dsym";
				ENABLE_NS_ASSERTIONS = NO;
				ENABLE_STRICT_OBJC_MSGSEND = YES;
				GCC_C_LANGUAGE_STANDARD = gnu11;
				GCC_NO_COMMON_BLOCKS = YES;
				GCC_WARN_64_TO_32_BIT_CONVERSION = YES;
				GCC_WARN_ABOUT_RETURN_TYPE = YES_ERROR;
				GCC_WARN_UNDECLARED_SELECTOR = YES;
				GCC_WARN_UNINITIALIZED_AUTOS = YES_AGGRESSIVE;
				GCC_WARN_UNUSED_FUNCTION = YES;
				GCC_WARN_UNUSED_VARIABLE = YES;
				IPHONEOS_DEPLOYMENT_TARGET = 16.0;
				MTL_ENABLE_DEBUG_INFO = NO;
				MTL_FAST_MATH = YES;
				SDKROOT = iphoneos;
				SWIFT_COMPILATION_MODE = wholemodule;
				SWIFT_OPTIMIZATION_LEVEL = "-O";
				VALIDATE_PRODUCT = YES;
			};
			name = Release;
		};
		6A5D8CA72964B1DB00BB4310 /* Debug */ = {
			isa = XCBuildConfiguration;
			buildSettings = {
				ASSETCATALOG_COMPILER_APPICON_NAME = AppIcon;
				ASSETCATALOG_COMPILER_GLOBAL_ACCENT_COLOR_NAME = AccentColor;
				CODE_SIGN_STYLE = Automatic;
				CURRENT_PROJECT_VERSION = 1;
				DEVELOPMENT_TEAM = 5SB3H4Y5NS;
				GENERATE_INFOPLIST_FILE = YES;
				INFOPLIST_FILE = Example/Info.plist;
				INFOPLIST_KEY_UIApplicationSupportsIndirectInputEvents = YES;
				INFOPLIST_KEY_UILaunchStoryboardName = LaunchScreen;
				INFOPLIST_KEY_UIMainStoryboardFile = Main;
				INFOPLIST_KEY_UISupportedInterfaceOrientations_iPad = "UIInterfaceOrientationPortrait UIInterfaceOrientationPortraitUpsideDown UIInterfaceOrientationLandscapeLeft UIInterfaceOrientationLandscapeRight";
				INFOPLIST_KEY_UISupportedInterfaceOrientations_iPhone = "UIInterfaceOrientationPortrait UIInterfaceOrientationLandscapeLeft UIInterfaceOrientationLandscapeRight";
				IPHONEOS_DEPLOYMENT_TARGET = 16.0;
				LD_RUNPATH_SEARCH_PATHS = (
					"$(inherited)",
					"@executable_path/Frameworks",
				);
				MARKETING_VERSION = 1.0;
				PRODUCT_BUNDLE_IDENTIFIER = com.ldakhoa.Example;
				PRODUCT_NAME = "$(TARGET_NAME)";
				SWIFT_EMIT_LOC_STRINGS = YES;
				SWIFT_VERSION = 5.0;
				TARGETED_DEVICE_FAMILY = "1,2";
			};
			name = Debug;
		};
		6A5D8CA82964B1DB00BB4310 /* Release */ = {
			isa = XCBuildConfiguration;
			buildSettings = {
				ASSETCATALOG_COMPILER_APPICON_NAME = AppIcon;
				ASSETCATALOG_COMPILER_GLOBAL_ACCENT_COLOR_NAME = AccentColor;
				CODE_SIGN_STYLE = Automatic;
				CURRENT_PROJECT_VERSION = 1;
				DEVELOPMENT_TEAM = 5SB3H4Y5NS;
				GENERATE_INFOPLIST_FILE = YES;
				INFOPLIST_FILE = Example/Info.plist;
				INFOPLIST_KEY_UIApplicationSupportsIndirectInputEvents = YES;
				INFOPLIST_KEY_UILaunchStoryboardName = LaunchScreen;
				INFOPLIST_KEY_UIMainStoryboardFile = Main;
				INFOPLIST_KEY_UISupportedInterfaceOrientations_iPad = "UIInterfaceOrientationPortrait UIInterfaceOrientationPortraitUpsideDown UIInterfaceOrientationLandscapeLeft UIInterfaceOrientationLandscapeRight";
				INFOPLIST_KEY_UISupportedInterfaceOrientations_iPhone = "UIInterfaceOrientationPortrait UIInterfaceOrientationLandscapeLeft UIInterfaceOrientationLandscapeRight";
				IPHONEOS_DEPLOYMENT_TARGET = 16.0;
				LD_RUNPATH_SEARCH_PATHS = (
					"$(inherited)",
					"@executable_path/Frameworks",
				);
				MARKETING_VERSION = 1.0;
				PRODUCT_BUNDLE_IDENTIFIER = com.ldakhoa.Example;
				PRODUCT_NAME = "$(TARGET_NAME)";
				SWIFT_EMIT_LOC_STRINGS = YES;
				SWIFT_VERSION = 5.0;
				TARGETED_DEVICE_FAMILY = "1,2";
			};
			name = Release;
		};
/* End XCBuildConfiguration section */

/* Begin XCConfigurationList section */
		6A5D8C8D2964B1DA00BB4310 /* Build configuration list for PBXProject "Example" */ = {
			isa = XCConfigurationList;
			buildConfigurations = (
				6A5D8CA42964B1DB00BB4310 /* Debug */,
				6A5D8CA52964B1DB00BB4310 /* Release */,
			);
			defaultConfigurationIsVisible = 0;
			defaultConfigurationName = Release;
		};
		6A5D8CA62964B1DB00BB4310 /* Build configuration list for PBXNativeTarget "Example" */ = {
			isa = XCConfigurationList;
			buildConfigurations = (
				6A5D8CA72964B1DB00BB4310 /* Debug */,
				6A5D8CA82964B1DB00BB4310 /* Release */,
			);
			defaultConfigurationIsVisible = 0;
			defaultConfigurationName = Release;
		};
/* End XCConfigurationList section */

/* Begin XCSwiftPackageProductDependency section */
		6A5D8CAC2964B20C00BB4310 /* StyledTextKit */ = {
			isa = XCSwiftPackageProductDependency;
			productName = StyledTextKit;
		};
/* End XCSwiftPackageProductDependency section */
	};
	rootObject = 6A5D8C8A2964B1DA00BB4310 /* Project object */;
}
